
Microsoft Visual Studio Solution File, Format Version 12.00
# Visual Studio Version 17
VisualStudioVersion = 17.2.32317.152
MinimumVisualStudioVersion = 10.0.40219.1
Project("{FAE04EC0-301F-11D3-BF4B-00C04F79EFBC}") = "ConsoleApp1", "ConsoleApp1\ConsoleApp1.csproj", "{7342FB7C-71DF-4282-889B-83E189FCBF55}"
EndProject
Global
	GlobalSection(SolutionConfigurationPlatforms) = preSolution
		Debug|Any CPU = Debug|Any CPU
		Release|Any CPU = Release|Any CPU
	EndGlobalSection
	GlobalSection(ProjectConfigurationPlatforms) = postSolution
		{7342FB7C-71DF-4282-889B-83E189FCBF55}.Debug|Any CPU.ActiveCfg = Debug|Any CPU
		{7342FB7C-71DF-4282-889B-83E189FCBF55}.Debug|Any CPU.Build.0 = Debug|Any CPU
		{7342FB7C-71DF-4282-889B-83E189FCBF55}.Release|Any CPU.ActiveCfg = Release|Any CPU
		{7342FB7C-71DF-4282-889B-83E189FCBF55}.Release|Any CPU.Build.0 = Release|Any CPU
	EndGlobalSection
	GlobalSection(SolutionProperties) = preSolution
		HideSolutionNode = FALSE
	EndGlobalSection
	GlobalSection(ExtensibilityGlobals) = postSolution
		SolutionGuid = {FD190C6A-36C9-416E-8BB1-E1C7421B6661}
	EndGlobalSection
EndGlobal
